
Microsoft Visual Studio Solution File, Format Version 12.00
# Visual Studio Version 16
VisualStudioVersion = 16.0.30406.217
MinimumVisualStudioVersion = 10.0.40219.1
Project("{FAE04EC0-301F-11D3-BF4B-00C04F79EFBC}") = "ClassesAndMethodsAssignment3", "ClassesAndMethodsAssignment3\ClassesAndMethodsAssignment3.csproj", "{EAEA7C05-83EE-4450-9302-7D84C0C9AA6D}"
EndProject
Global
	GlobalSection(SolutionConfigurationPlatforms) = preSolution
		Debug|Any CPU = Debug|Any CPU
		Release|Any CPU = Release|Any CPU
	EndGlobalSection
	GlobalSection(ProjectConfigurationPlatforms) = postSolution
		{EAEA7C05-83EE-4450-9302-7D84C0C9AA6D}.Debug|Any CPU.ActiveCfg = Debug|Any CPU
		{EAEA7C05-83EE-4450-9302-7D84C0C9AA6D}.Debug|Any CPU.Build.0 = Debug|Any CPU
		{EAEA7C05-83EE-4450-9302-7D84C0C9AA6D}.Release|Any CPU.ActiveCfg = Release|Any CPU
		{EAEA7C05-83EE-4450-9302-7D84C0C9AA6D}.Release|Any CPU.Build.0 = Release|Any CPU
	EndGlobalSection
	GlobalSection(SolutionProperties) = preSolution
		HideSolutionNode = FALSE
	EndGlobalSection
	GlobalSection(ExtensibilityGlobals) = postSolution
		SolutionGuid = {DD0E6CD2-29E4-43E6-B25E-CFC78631EF17}
	EndGlobalSection
EndGlobal
